// !$*UTF8*$!
{
	archiveVersion = 1;
	classes = {
	};
	objectVersion = 50;
	objects = {

/* Begin PBXBuildFile section */
		231463F621E33501008AEA30 /* AppDelegate.swift in Sources */ = {isa = PBXBuildFile; fileRef = 231463F521E33501008AEA30 /* AppDelegate.swift */; };
		231463F821E33501008AEA30 /* ViewController.swift in Sources */ = {isa = PBXBuildFile; fileRef = 231463F721E33501008AEA30 /* ViewController.swift */; };
		231463FB21E33501008AEA30 /* Main.storyboard in Resources */ = {isa = PBXBuildFile; fileRef = 231463F921E33501008AEA30 /* Main.storyboard */; };
		231463FD21E33503008AEA30 /* Assets.xcassets in Resources */ = {isa = PBXBuildFile; fileRef = 231463FC21E33503008AEA30 /* Assets.xcassets */; };
		2314640021E33503008AEA30 /* LaunchScreen.storyboard in Resources */ = {isa = PBXBuildFile; fileRef = 231463FE21E33503008AEA30 /* LaunchScreen.storyboard */; };
		2314640B21E33503008AEA30 /* QRScannerTests.swift in Sources */ = {isa = PBXBuildFile; fileRef = 2314640A21E33503008AEA30 /* QRScannerTests.swift */; };
		2314641621E33503008AEA30 /* QRScannerUITests.swift in Sources */ = {isa = PBXBuildFile; fileRef = 2314641521E33503008AEA30 /* QRScannerUITests.swift */; };
		2314642421E33545008AEA30 /* QRScannerViewController.swift in Sources */ = {isa = PBXBuildFile; fileRef = 2314642321E33545008AEA30 /* QRScannerViewController.swift */; };
		2314642621E33561008AEA30 /* README.md in Resources */ = {isa = PBXBuildFile; fileRef = 2314642521E33561008AEA30 /* README.md */; };
		2314642821E33571008AEA30 /* .gitignore in Resources */ = {isa = PBXBuildFile; fileRef = 2314642721E33571008AEA30 /* .gitignore */; };
/* End PBXBuildFile section */

/* Begin PBXContainerItemProxy section */
		2314640721E33503008AEA30 /* PBXContainerItemProxy */ = {
			isa = PBXContainerItemProxy;
			containerPortal = 231463EA21E33501008AEA30 /* Project object */;
			proxyType = 1;
			remoteGlobalIDString = 231463F121E33501008AEA30;
			remoteInfo = QRScanner;
		};
		2314641221E33503008AEA30 /* PBXContainerItemProxy */ = {
			isa = PBXContainerItemProxy;
			containerPortal = 231463EA21E33501008AEA30 /* Project object */;
			proxyType = 1;
			remoteGlobalIDString = 231463F121E33501008AEA30;
			remoteInfo = QRScanner;
		};
/* End PBXContainerItemProxy section */

/* Begin PBXFileReference section */
		231463F221E33501008AEA30 /* QRScanner.app */ = {isa = PBXFileReference; explicitFileType = wrapper.application; includeInIndex = 0; path = QRScanner.app; sourceTree = BUILT_PRODUCTS_DIR; };
		231463F521E33501008AEA30 /* AppDelegate.swift */ = {isa = PBXFileReference; lastKnownFileType = sourcecode.swift; path = AppDelegate.swift; sourceTree = "<group>"; };
		231463F721E33501008AEA30 /* ViewController.swift */ = {isa = PBXFileReference; lastKnownFileType = sourcecode.swift; path = ViewController.swift; sourceTree = "<group>"; };
		231463FA21E33501008AEA30 /* Base */ = {isa = PBXFileReference; lastKnownFileType = file.storyboard; name = Base; path = Base.lproj/Main.storyboard; sourceTree = "<group>"; };
		231463FC21E33503008AEA30 /* Assets.xcassets */ = {isa = PBXFileReference; lastKnownFileType = folder.assetcatalog; path = Assets.xcassets; sourceTree = "<group>"; };
		231463FF21E33503008AEA30 /* Base */ = {isa = PBXFileReference; lastKnownFileType = file.storyboard; name = Base; path = Base.lproj/LaunchScreen.storyboard; sourceTree = "<group>"; };
		2314640121E33503008AEA30 /* Info.plist */ = {isa = PBXFileReference; lastKnownFileType = text.plist.xml; path = Info.plist; sourceTree = "<group>"; };
		2314640621E33503008AEA30 /* QRScannerTests.xctest */ = {isa = PBXFileReference; explicitFileType = wrapper.cfbundle; includeInIndex = 0; path = QRScannerTests.xctest; sourceTree = BUILT_PRODUCTS_DIR; };
		2314640A21E33503008AEA30 /* QRScannerTests.swift */ = {isa = PBXFileReference; lastKnownFileType = sourcecode.swift; path = QRScannerTests.swift; sourceTree = "<group>"; };
		2314640C21E33503008AEA30 /* Info.plist */ = {isa = PBXFileReference; lastKnownFileType = text.plist.xml; path = Info.plist; sourceTree = "<group>"; };
		2314641121E33503008AEA30 /* QRScannerUITests.xctest */ = {isa = PBXFileReference; explicitFileType = wrapper.cfbundle; includeInIndex = 0; path = QRScannerUITests.xctest; sourceTree = BUILT_PRODUCTS_DIR; };
		2314641521E33503008AEA30 /* QRScannerUITests.swift */ = {isa = PBXFileReference; lastKnownFileType = sourcecode.swift; path = QRScannerUITests.swift; sourceTree = "<group>"; };
		2314641721E33503008AEA30 /* Info.plist */ = {isa = PBXFileReference; lastKnownFileType = text.plist.xml; path = Info.plist; sourceTree = "<group>"; };
		2314642321E33545008AEA30 /* QRScannerViewController.swift */ = {isa = PBXFileReference; fileEncoding = 4; lastKnownFileType = sourcecode.swift; path = QRScannerViewController.swift; sourceTree = "<group>"; };
		2314642521E33561008AEA30 /* README.md */ = {isa = PBXFileReference; fileEncoding = 4; lastKnownFileType = net.daringfireball.markdown; path = README.md; sourceTree = "<group>"; };
		2314642721E33571008AEA30 /* .gitignore */ = {isa = PBXFileReference; fileEncoding = 4; lastKnownFileType = text; path = .gitignore; sourceTree = "<group>"; };
/* End PBXFileReference section */

/* Begin PBXFrameworksBuildPhase section */
		231463EF21E33501008AEA30 /* Frameworks */ = {
			isa = PBXFrameworksBuildPhase;
			buildActionMask = 2147483647;
			files = (
			);
			runOnlyForDeploymentPostprocessing = 0;
		};
		2314640321E33503008AEA30 /* Frameworks */ = {
			isa = PBXFrameworksBuildPhase;
			buildActionMask = 2147483647;
			files = (
			);
			runOnlyForDeploymentPostprocessing = 0;
		};
		2314640E21E33503008AEA30 /* Frameworks */ = {
			isa = PBXFrameworksBuildPhase;
			buildActionMask = 2147483647;
			files = (
			);
			runOnlyForDeploymentPostprocessing = 0;
		};
/* End PBXFrameworksBuildPhase section */

/* Begin PBXGroup section */
		231463E921E33501008AEA30 = {
			isa = PBXGroup;
			children = (
				2314642521E33561008AEA30 /* README.md */,
				231463F421E33501008AEA30 /* QRScanner */,
				2314640921E33503008AEA30 /* QRScannerTests */,
				2314641421E33503008AEA30 /* QRScannerUITests */,
				231463F321E33501008AEA30 /* Products */,
			);
			sourceTree = "<group>";
		};
		231463F321E33501008AEA30 /* Products */ = {
			isa = PBXGroup;
			children = (
				231463F221E33501008AEA30 /* QRScanner.app */,
				2314640621E33503008AEA30 /* QRScannerTests.xctest */,
				2314641121E33503008AEA30 /* QRScannerUITests.xctest */,
			);
			name = Products;
			sourceTree = "<group>";
		};
		231463F421E33501008AEA30 /* QRScanner */ = {
			isa = PBXGroup;
			children = (
				2314642721E33571008AEA30 /* .gitignore */,
				2314642321E33545008AEA30 /* QRScannerViewController.swift */,
				231463F521E33501008AEA30 /* AppDelegate.swift */,
				231463F721E33501008AEA30 /* ViewController.swift */,
				231463F921E33501008AEA30 /* Main.storyboard */,
				231463FC21E33503008AEA30 /* Assets.xcassets */,
				231463FE21E33503008AEA30 /* LaunchScreen.storyboard */,
				2314640121E33503008AEA30 /* Info.plist */,
			);
			path = QRScanner;
			sourceTree = "<group>";
		};
		2314640921E33503008AEA30 /* QRScannerTests */ = {
			isa = PBXGroup;
			children = (
				2314640A21E33503008AEA30 /* QRScannerTests.swift */,
				2314640C21E33503008AEA30 /* Info.plist */,
			);
			path = QRScannerTests;
			sourceTree = "<group>";
		};
		2314641421E33503008AEA30 /* QRScannerUITests */ = {
			isa = PBXGroup;
			children = (
				2314641521E33503008AEA30 /* QRScannerUITests.swift */,
				2314641721E33503008AEA30 /* Info.plist */,
			);
			path = QRScannerUITests;
			sourceTree = "<group>";
		};
/* End PBXGroup section */

/* Begin PBXNativeTarget section */
		231463F121E33501008AEA30 /* QRScanner */ = {
			isa = PBXNativeTarget;
			buildConfigurationList = 2314641A21E33503008AEA30 /* Build configuration list for PBXNativeTarget "QRScanner" */;
			buildPhases = (
				231463EE21E33501008AEA30 /* Sources */,
				231463EF21E33501008AEA30 /* Frameworks */,
				231463F021E33501008AEA30 /* Resources */,
			);
			buildRules = (
			);
			dependencies = (
			);
			name = QRScanner;
			productName = QRScanner;
			productReference = 231463F221E33501008AEA30 /* QRScanner.app */;
			productType = "com.apple.product-type.application";
		};
		2314640521E33503008AEA30 /* QRScannerTests */ = {
			isa = PBXNativeTarget;
			buildConfigurationList = 2314641D21E33503008AEA30 /* Build configuration list for PBXNativeTarget "QRScannerTests" */;
			buildPhases = (
				2314640221E33503008AEA30 /* Sources */,
				2314640321E33503008AEA30 /* Frameworks */,
				2314640421E33503008AEA30 /* Resources */,
			);
			buildRules = (
			);
			dependencies = (
				2314640821E33503008AEA30 /* PBXTargetDependency */,
			);
			name = QRScannerTests;
			productName = QRScannerTests;
			productReference = 2314640621E33503008AEA30 /* QRScannerTests.xctest */;
			productType = "com.apple.product-type.bundle.unit-test";
		};
		2314641021E33503008AEA30 /* QRScannerUITests */ = {
			isa = PBXNativeTarget;
			buildConfigurationList = 2314642021E33503008AEA30 /* Build configuration list for PBXNativeTarget "QRScannerUITests" */;
			buildPhases = (
				2314640D21E33503008AEA30 /* Sources */,
				2314640E21E33503008AEA30 /* Frameworks */,
				2314640F21E33503008AEA30 /* Resources */,
			);
			buildRules = (
			);
			dependencies = (
				2314641321E33503008AEA30 /* PBXTargetDependency */,
			);
			name = QRScannerUITests;
			productName = QRScannerUITests;
			productReference = 2314641121E33503008AEA30 /* QRScannerUITests.xctest */;
			productType = "com.apple.product-type.bundle.ui-testing";
		};
/* End PBXNativeTarget section */

/* Begin PBXProject section */
		231463EA21E33501008AEA30 /* Project object */ = {
			isa = PBXProject;
			attributes = {
				LastSwiftUpdateCheck = 1010;
				LastUpgradeCheck = 1010;
				ORGANIZATIONNAME = "Pankaj Kumhar";
				TargetAttributes = {
					231463F121E33501008AEA30 = {
						CreatedOnToolsVersion = 10.1;
					};
					2314640521E33503008AEA30 = {
						CreatedOnToolsVersion = 10.1;
						TestTargetID = 231463F121E33501008AEA30;
					};
					2314641021E33503008AEA30 = {
						CreatedOnToolsVersion = 10.1;
						TestTargetID = 231463F121E33501008AEA30;
					};
				};
			};
			buildConfigurationList = 231463ED21E33501008AEA30 /* Build configuration list for PBXProject "QRScanner" */;
			compatibilityVersion = "Xcode 9.3";
			developmentRegion = en;
			hasScannedForEncodings = 0;
			knownRegions = (
				en,
				Base,
			);
			mainGroup = 231463E921E33501008AEA30;
			productRefGroup = 231463F321E33501008AEA30 /* Products */;
			projectDirPath = "";
			projectRoot = "";
			targets = (
				231463F121E33501008AEA30 /* QRScanner */,
				2314640521E33503008AEA30 /* QRScannerTests */,
				2314641021E33503008AEA30 /* QRScannerUITests */,
			);
		};
/* End PBXProject section */

/* Begin PBXResourcesBuildPhase section */
		231463F021E33501008AEA30 /* Resources */ = {
			isa = PBXResourcesBuildPhase;
			buildActionMask = 2147483647;
			files = (
				2314642821E33571008AEA30 /* .gitignore in Resources */,
				2314640021E33503008AEA30 /* LaunchScreen.storyboard in Resources */,
				231463FD21E33503008AEA30 /* Assets.xcassets in Resources */,
				2314642621E33561008AEA30 /* README.md in Resources */,
				231463FB21E33501008AEA30 /* Main.storyboard in Resources */,
			);
			runOnlyForDeploymentPostprocessing = 0;
		};
		2314640421E33503008AEA30 /* Resources */ = {
			isa = PBXResourcesBuildPhase;
			buildActionMask = 2147483647;
			files = (
			);
			runOnlyForDeploymentPostprocessing = 0;
		};
		2314640F21E33503008AEA30 /* Resources */ = {
			isa = PBXResourcesBuildPhase;
			buildActionMask = 2147483647;
			files = (
			);
			runOnlyForDeploymentPostprocessing = 0;
		};
/* End PBXResourcesBuildPhase section */

/* Begin PBXSourcesBuildPhase section */
		231463EE21E33501008AEA30 /* Sources */ = {
			isa = PBXSourcesBuildPhase;
			buildActionMask = 2147483647;
			files = (
				231463F821E33501008AEA30 /* ViewController.swift in Sources */,
				231463F621E33501008AEA30 /* AppDelegate.swift in Sources */,
				2314642421E33545008AEA30 /* QRScannerViewController.swift in Sources */,
			);
			runOnlyForDeploymentPostprocessing = 0;
		};
		2314640221E33503008AEA30 /* Sources */ = {
			isa = PBXSourcesBuildPhase;
			buildActionMask = 2147483647;
			files = (
				2314640B21E33503008AEA30 /* QRScannerTests.swift in Sources */,
			);
			runOnlyForDeploymentPostprocessing = 0;
		};
		2314640D21E33503008AEA30 /* Sources */ = {
			isa = PBXSourcesBuildPhase;
			buildActionMask = 2147483647;
			files = (
				2314641621E33503008AEA30 /* QRScannerUITests.swift in Sources */,
			);
			runOnlyForDeploymentPostprocessing = 0;
		};
/* End PBXSourcesBuildPhase section */

/* Begin PBXTargetDependency section */
		2314640821E33503008AEA30 /* PBXTargetDependency */ = {
			isa = PBXTargetDependency;
			target = 231463F121E33501008AEA30 /* QRScanner */;
			targetProxy = 2314640721E33503008AEA30 /* PBXContainerItemProxy */;
		};
		2314641321E33503008AEA30 /* PBXTargetDependency */ = {
			isa = PBXTargetDependency;
			target = 231463F121E33501008AEA30 /* QRScanner */;
			targetProxy = 2314641221E33503008AEA30 /* PBXContainerItemProxy */;
		};
/* End PBXTargetDependency section */

/* Begin PBXVariantGroup section */
		231463F921E33501008AEA30 /* Main.storyboard */ = {
			isa = PBXVariantGroup;
			children = (
				231463FA21E33501008AEA30 /* Base */,
			);
			name = Main.storyboard;
			sourceTree = "<group>";
		};
		231463FE21E33503008AEA30 /* LaunchScreen.storyboard */ = {
			isa = PBXVariantGroup;
			children = (
				231463FF21E33503008AEA30 /* Base */,
			);
			name = LaunchScreen.storyboard;
			sourceTree = "<group>";
		};
/* End PBXVariantGroup section */

/* Begin XCBuildConfiguration section */
		2314641821E33503008AEA30 /* Debug */ = {
			isa = XCBuildConfiguration;
			buildSettings = {
				ALWAYS_SEARCH_USER_PATHS = NO;
				CLANG_ANALYZER_NONNULL = YES;
				CLANG_ANALYZER_NUMBER_OBJECT_CONVERSION = YES_AGGRESSIVE;
				CLANG_CXX_LANGUAGE_STANDARD = "gnu++14";
				CLANG_CXX_LIBRARY = "libc++";
				CLANG_ENABLE_MODULES = YES;
				CLANG_ENABLE_OBJC_ARC = YES;
				CLANG_ENABLE_OBJC_WEAK = YES;
				CLANG_WARN_BLOCK_CAPTURE_AUTORELEASING = YES;
				CLANG_WARN_BOOL_CONVERSION = YES;
				CLANG_WARN_COMMA = YES;
				CLANG_WARN_CONSTANT_CONVERSION = YES;
				CLANG_WARN_DEPRECATED_OBJC_IMPLEMENTATIONS = YES;
				CLANG_WARN_DIRECT_OBJC_ISA_USAGE = YES_ERROR;
				CLANG_WARN_DOCUMENTATION_COMMENTS = YES;
				CLANG_WARN_EMPTY_BODY = YES;
				CLANG_WARN_ENUM_CONVERSION = YES;
				CLANG_WARN_INFINITE_RECURSION = YES;
				CLANG_WARN_INT_CONVERSION = YES;
				CLANG_WARN_NON_LITERAL_NULL_CONVERSION = YES;
				CLANG_WARN_OBJC_IMPLICIT_RETAIN_SELF = YES;
				CLANG_WARN_OBJC_LITERAL_CONVERSION = YES;
				CLANG_WARN_OBJC_ROOT_CLASS = YES_ERROR;
				CLANG_WARN_RANGE_LOOP_ANALYSIS = YES;
				CLANG_WARN_STRICT_PROTOTYPES = YES;
				CLANG_WARN_SUSPICIOUS_MOVE = YES;
				CLANG_WARN_UNGUARDED_AVAILABILITY = YES_AGGRESSIVE;
				CLANG_WARN_UNREACHABLE_CODE = YES;
				CLANG_WARN__DUPLICATE_METHOD_MATCH = YES;
				CODE_SIGN_IDENTITY = "iPhone Developer";
				COPY_PHASE_STRIP = NO;
				DEBUG_INFORMATION_FORMAT = dwarf;
				ENABLE_STRICT_OBJC_MSGSEND = YES;
				ENABLE_TESTABILITY = YES;
				GCC_C_LANGUAGE_STANDARD = gnu11;
				GCC_DYNAMIC_NO_PIC = NO;
				GCC_NO_COMMON_BLOCKS = YES;
				GCC_OPTIMIZATION_LEVEL = 0;
				GCC_PREPROCESSOR_DEFINITIONS = (
					"DEBUG=1",
					"$(inherited)",
				);
				GCC_WARN_64_TO_32_BIT_CONVERSION = YES;
				GCC_WARN_ABOUT_RETURN_TYPE = YES_ERROR;
				GCC_WARN_UNDECLARED_SELECTOR = YES;
				GCC_WARN_UNINITIALIZED_AUTOS = YES_AGGRESSIVE;
				GCC_WARN_UNUSED_FUNCTION = YES;
				GCC_WARN_UNUSED_VARIABLE = YES;
				IPHONEOS_DEPLOYMENT_TARGET = 12.1;
				MTL_ENABLE_DEBUG_INFO = INCLUDE_SOURCE;
				MTL_FAST_MATH = YES;
				ONLY_ACTIVE_ARCH = YES;
				SDKROOT = iphoneos;
				SWIFT_ACTIVE_COMPILATION_CONDITIONS = DEBUG;
				SWIFT_OPTIMIZATION_LEVEL = "-Onone";
			};
			name = Debug;
		};
		2314641921E33503008AEA30 /* Release */ = {
			isa = XCBuildConfiguration;
			buildSettings = {
				ALWAYS_SEARCH_USER_PATHS = NO;
				CLANG_ANALYZER_NONNULL = YES;
				CLANG_ANALYZER_NUMBER_OBJECT_CONVERSION = YES_AGGRESSIVE;
				CLANG_CXX_LANGUAGE_STANDARD = "gnu++14";
				CLANG_CXX_LIBRARY = "libc++";
				CLANG_ENABLE_MODULES = YES;
				CLANG_ENABLE_OBJC_ARC = YES;
				CLANG_ENABLE_OBJC_WEAK = YES;
				CLANG_WARN_BLOCK_CAPTURE_AUTORELEASING = YES;
				CLANG_WARN_BOOL_CONVERSION = YES;
				CLANG_WARN_COMMA = YES;
				CLANG_WARN_CONSTANT_CONVERSION = YES;
				CLANG_WARN_DEPRECATED_OBJC_IMPLEMENTATIONS = YES;
				CLANG_WARN_DIRECT_OBJC_ISA_USAGE = YES_ERROR;
				CLANG_WARN_DOCUMENTATION_COMMENTS = YES;
				CLANG_WARN_EMPTY_BODY = YES;
				CLANG_WARN_ENUM_CONVERSION = YES;
				CLANG_WARN_INFINITE_RECURSION = YES;
				CLANG_WARN_INT_CONVERSION = YES;
				CLANG_WARN_NON_LITERAL_NULL_CONVERSION = YES;
				CLANG_WARN_OBJC_IMPLICIT_RETAIN_SELF = YES;
				CLANG_WARN_OBJC_LITERAL_CONVERSION = YES;
				CLANG_WARN_OBJC_ROOT_CLASS = YES_ERROR;
				CLANG_WARN_RANGE_LOOP_ANALYSIS = YES;
				CLANG_WARN_STRICT_PROTOTYPES = YES;
				CLANG_WARN_SUSPICIOUS_MOVE = YES;
				CLANG_WARN_UNGUARDED_AVAILABILITY = YES_AGGRESSIVE;
				CLANG_WARN_UNREACHABLE_CODE = YES;
				CLANG_WARN__DUPLICATE_METHOD_MATCH = YES;
				CODE_SIGN_IDENTITY = "iPhone Developer";
				COPY_PHASE_STRIP = NO;
				DEBUG_INFORMATION_FORMAT = "dwarf-with-dsym";
				ENABLE_NS_ASSERTIONS = NO;
				ENABLE_STRICT_OBJC_MSGSEND = YES;
				GCC_C_LANGUAGE_STANDARD = gnu11;
				GCC_NO_COMMON_BLOCKS = YES;
				GCC_WARN_64_TO_32_BIT_CONVERSION = YES;
				GCC_WARN_ABOUT_RETURN_TYPE = YES_ERROR;
				GCC_WARN_UNDECLARED_SELECTOR = YES;
				GCC_WARN_UNINITIALIZED_AUTOS = YES_AGGRESSIVE;
				GCC_WARN_UNUSED_FUNCTION = YES;
				GCC_WARN_UNUSED_VARIABLE = YES;
				IPHONEOS_DEPLOYMENT_TARGET = 12.1;
				MTL_ENABLE_DEBUG_INFO = NO;
				MTL_FAST_MATH = YES;
				SDKROOT = iphoneos;
				SWIFT_COMPILATION_MODE = wholemodule;
				SWIFT_OPTIMIZATION_LEVEL = "-O";
				VALIDATE_PRODUCT = YES;
			};
			name = Release;
		};
		2314641B21E33503008AEA30 /* Debug */ = {
			isa = XCBuildConfiguration;
			buildSettings = {
				ASSETCATALOG_COMPILER_APPICON_NAME = AppIcon;
				CODE_SIGN_STYLE = Automatic;
				DEVELOPMENT_TEAM = 6SWXGZD865;
				INFOPLIST_FILE = QRScanner/Info.plist;
				IPHONEOS_DEPLOYMENT_TARGET = 11.0;
				LD_RUNPATH_SEARCH_PATHS = (
					"$(inherited)",
					"@executable_path/Frameworks",
				);
				PRODUCT_BUNDLE_IDENTIFIER = com.sts.QRSCanner;
				PRODUCT_NAME = "$(TARGET_NAME)";
				SWIFT_VERSION = 4.2;
				TARGETED_DEVICE_FAMILY = "1,2";
			};
			name = Debug;
		};
		2314641C21E33503008AEA30 /* Release */ = {
			isa = XCBuildConfiguration;
			buildSettings = {
				ASSETCATALOG_COMPILER_APPICON_NAME = AppIcon;
				CODE_SIGN_STYLE = Automatic;
				DEVELOPMENT_TEAM = 6SWXGZD865;
				INFOPLIST_FILE = QRScanner/Info.plist;
				IPHONEOS_DEPLOYMENT_TARGET = 11.0;
				LD_RUNPATH_SEARCH_PATHS = (
					"$(inherited)",
					"@executable_path/Frameworks",
				);
				PRODUCT_BUNDLE_IDENTIFIER = com.sts.QRSCanner;
				PRODUCT_NAME = "$(TARGET_NAME)";
				SWIFT_VERSION = 4.2;
				TARGETED_DEVICE_FAMILY = "1,2";
			};
			name = Release;
		};
		2314641E21E33503008AEA30 /* Debug */ = {
			isa = XCBuildConfiguration;
			buildSettings = {
				ALWAYS_EMBED_SWIFT_STANDARD_LIBRARIES = YES;
				BUNDLE_LOADER = "$(TEST_HOST)";
				CODE_SIGN_STYLE = Automatic;
				DEVELOPMENT_TEAM = 4HHGT6V6AE;
				INFOPLIST_FILE = QRScannerTests/Info.plist;
				LD_RUNPATH_SEARCH_PATHS = (
					"$(inherited)",
					"@executable_path/Frameworks",
					"@loader_path/Frameworks",
				);
				PRODUCT_BUNDLE_IDENTIFIER = com.QRSCanner.QRScannerTests;
				PRODUCT_NAME = "$(TARGET_NAME)";
				SWIFT_VERSION = 4.2;
				TARGETED_DEVICE_FAMILY = "1,2";
				TEST_HOST = "$(BUILT_PRODUCTS_DIR)/QRScanner.app/QRScanner";
			};
			name = Debug;
		};
		2314641F21E33503008AEA30 /* Release */ = {
			isa = XCBuildConfiguration;
			buildSettings = {
				ALWAYS_EMBED_SWIFT_STANDARD_LIBRARIES = YES;
				BUNDLE_LOADER = "$(TEST_HOST)";
				CODE_SIGN_STYLE = Automatic;
				DEVELOPMENT_TEAM = 4HHGT6V6AE;
				INFOPLIST_FILE = QRScannerTests/Info.plist;
				LD_RUNPATH_SEARCH_PATHS = (
					"$(inherited)",
					"@executable_path/Frameworks",
					"@loader_path/Frameworks",
				);
				PRODUCT_BUNDLE_IDENTIFIER = com.QRSCanner.QRScannerTests;
				PRODUCT_NAME = "$(TARGET_NAME)";
				SWIFT_VERSION = 4.2;
				TARGETED_DEVICE_FAMILY = "1,2";
				TEST_HOST = "$(BUILT_PRODUCTS_DIR)/QRScanner.app/QRScanner";
			};
			name = Release;
		};
		2314642121E33503008AEA30 /* Debug */ = {
			isa = XCBuildConfiguration;
			buildSettings = {
				ALWAYS_EMBED_SWIFT_STANDARD_LIBRARIES = YES;
				CODE_SIGN_STYLE = Automatic;
				DEVELOPMENT_TEAM = 4HHGT6V6AE;
				INFOPLIST_FILE = QRScannerUITests/Info.plist;
				LD_RUNPATH_SEARCH_PATHS = (
					"$(inherited)",
					"@executable_path/Frameworks",
					"@loader_path/Frameworks",
				);
				PRODUCT_BUNDLE_IDENTIFIER = com.QRSCanner.QRScannerUITests;
				PRODUCT_NAME = "$(TARGET_NAME)";
				SWIFT_VERSION = 4.2;
				TARGETED_DEVICE_FAMILY = "1,2";
				TEST_TARGET_NAME = QRScanner;
			};
			name = Debug;
		};
		2314642221E33503008AEA30 /* Release */ = {
			isa = XCBuildConfiguration;
			buildSettings = {
				ALWAYS_EMBED_SWIFT_STANDARD_LIBRARIES = YES;
				CODE_SIGN_STYLE = Automatic;
				DEVELOPMENT_TEAM = 4HHGT6V6AE;
				INFOPLIST_FILE = QRScannerUITests/Info.plist;
				LD_RUNPATH_SEARCH_PATHS = (
					"$(inherited)",
					"@executable_path/Frameworks",
					"@loader_path/Frameworks",
				);
				PRODUCT_BUNDLE_IDENTIFIER = com.QRSCanner.QRScannerUITests;
				PRODUCT_NAME = "$(TARGET_NAME)";
				SWIFT_VERSION = 4.2;
				TARGETED_DEVICE_FAMILY = "1,2";
				TEST_TARGET_NAME = QRScanner;
			};
			name = Release;
		};
/* End XCBuildConfiguration section */

/* Begin XCConfigurationList section */
		231463ED21E33501008AEA30 /* Build configuration list for PBXProject "QRScanner" */ = {
			isa = XCConfigurationList;
			buildConfigurations = (
				2314641821E33503008AEA30 /* Debug */,
				2314641921E33503008AEA30 /* Release */,
			);
			defaultConfigurationIsVisible = 0;
			defaultConfigurationName = Release;
		};
		2314641A21E33503008AEA30 /* Build configuration list for PBXNativeTarget "QRScanner" */ = {
			isa = XCConfigurationList;
			buildConfigurations = (
				2314641B21E33503008AEA30 /* Debug */,
				2314641C21E33503008AEA30 /* Release */,
			);
			defaultConfigurationIsVisible = 0;
			defaultConfigurationName = Release;
		};
		2314641D21E33503008AEA30 /* Build configuration list for PBXNativeTarget "QRScannerTests" */ = {
			isa = XCConfigurationList;
			buildConfigurations = (
				2314641E21E33503008AEA30 /* Debug */,
				2314641F21E33503008AEA30 /* Release */,
			);
			defaultConfigurationIsVisible = 0;
			defaultConfigurationName = Release;
		};
		2314642021E33503008AEA30 /* Build configuration list for PBXNativeTarget "QRScannerUITests" */ = {
			isa = XCConfigurationList;
			buildConfigurations = (
				2314642121E33503008AEA30 /* Debug */,
				2314642221E33503008AEA30 /* Release */,
			);
			defaultConfigurationIsVisible = 0;
			defaultConfigurationName = Release;
		};
/* End XCConfigurationList section */
	};
	rootObject = 231463EA21E33501008AEA30 /* Project object */;
}
